// !$*UTF8*$!
{
	archiveVersion = 1;
	classes = {
	};
	objectVersion = 48;
	objects = {

/* Begin PBXBuildFile section */
		82277469206B586600348A92 /* MyCell.swift in Sources */ = {isa = PBXBuildFile; fileRef = 82277468206B586600348A92 /* MyCell.swift */; };
		823804EF2060D0C60085F6CF /* AppDelegate.swift in Sources */ = {isa = PBXBuildFile; fileRef = 823804EE2060D0C60085F6CF /* AppDelegate.swift */; };
		823804F12060D0C60085F6CF /* ViewController.swift in Sources */ = {isa = PBXBuildFile; fileRef = 823804F02060D0C60085F6CF /* ViewController.swift */; };
		823804F62060D0C60085F6CF /* Assets.xcassets in Resources */ = {isa = PBXBuildFile; fileRef = 823804F52060D0C60085F6CF /* Assets.xcassets */; };
		823804F92060D0C60085F6CF /* LaunchScreen.storyboard in Resources */ = {isa = PBXBuildFile; fileRef = 823804F72060D0C60085F6CF /* LaunchScreen.storyboard */; };
		823805012060D9140085F6CF /* WebViewController.swift in Sources */ = {isa = PBXBuildFile; fileRef = 823805002060D9140085F6CF /* WebViewController.swift */; };
		82F92160206B5B19007B2571 /* Model.swift in Sources */ = {isa = PBXBuildFile; fileRef = 82F9215F206B5B19007B2571 /* Model.swift */; };
/* End PBXBuildFile section */

/* Begin PBXFileReference section */
		82277468206B586600348A92 /* MyCell.swift */ = {isa = PBXFileReference; lastKnownFileType = sourcecode.swift; path = MyCell.swift; sourceTree = "<group>"; };
		823804EB2060D0C60085F6CF /* Favorite_Pages.app */ = {isa = PBXFileReference; explicitFileType = wrapper.application; includeInIndex = 0; path = Favorite_Pages.app; sourceTree = BUILT_PRODUCTS_DIR; };
		823804EE2060D0C60085F6CF /* AppDelegate.swift */ = {isa = PBXFileReference; lastKnownFileType = sourcecode.swift; path = AppDelegate.swift; sourceTree = "<group>"; };
		823804F02060D0C60085F6CF /* ViewController.swift */ = {isa = PBXFileReference; lastKnownFileType = sourcecode.swift; path = ViewController.swift; sourceTree = "<group>"; };
		823804F52060D0C60085F6CF /* Assets.xcassets */ = {isa = PBXFileReference; lastKnownFileType = folder.assetcatalog; path = Assets.xcassets; sourceTree = "<group>"; };
		823804F82060D0C60085F6CF /* Base */ = {isa = PBXFileReference; lastKnownFileType = file.storyboard; name = Base; path = Base.lproj/LaunchScreen.storyboard; sourceTree = "<group>"; };
		823804FA2060D0C60085F6CF /* Info.plist */ = {isa = PBXFileReference; lastKnownFileType = text.plist.xml; path = Info.plist; sourceTree = "<group>"; };
		823805002060D9140085F6CF /* WebViewController.swift */ = {isa = PBXFileReference; lastKnownFileType = sourcecode.swift; path = WebViewController.swift; sourceTree = "<group>"; };
		82F9215F206B5B19007B2571 /* Model.swift */ = {isa = PBXFileReference; lastKnownFileType = sourcecode.swift; path = Model.swift; sourceTree = "<group>"; };
/* End PBXFileReference section */

/* Begin PBXFrameworksBuildPhase section */
		823804E82060D0C60085F6CF /* Frameworks */ = {
			isa = PBXFrameworksBuildPhase;
			buildActionMask = 2147483647;
			files = (
			);
			runOnlyForDeploymentPostprocessing = 0;
		};
/* End PBXFrameworksBuildPhase section */

/* Begin PBXGroup section */
		823804E22060D0C60085F6CF = {
			isa = PBXGroup;
			children = (
				823804ED2060D0C60085F6CF /* Favorite_Pages */,
				823804EC2060D0C60085F6CF /* Products */,
			);
			sourceTree = "<group>";
		};
		823804EC2060D0C60085F6CF /* Products */ = {
			isa = PBXGroup;
			children = (
				823804EB2060D0C60085F6CF /* Favorite_Pages.app */,
			);
			name = Products;
			sourceTree = "<group>";
		};
		823804ED2060D0C60085F6CF /* Favorite_Pages */ = {
			isa = PBXGroup;
			children = (
				823804EE2060D0C60085F6CF /* AppDelegate.swift */,
				82F9215D206B5AA8007B2571 /* Model */,
				82F9215E206B5AB7007B2571 /* View */,
				823804F52060D0C60085F6CF /* Assets.xcassets */,
				823804F72060D0C60085F6CF /* LaunchScreen.storyboard */,
				823804FA2060D0C60085F6CF /* Info.plist */,
			);
			path = Favorite_Pages;
			sourceTree = "<group>";
		};
		82F9215D206B5AA8007B2571 /* Model */ = {
			isa = PBXGroup;
			children = (
				82277468206B586600348A92 /* MyCell.swift */,
				82F9215F206B5B19007B2571 /* Model.swift */,
			);
			path = Model;
			sourceTree = "<group>";
		};
		82F9215E206B5AB7007B2571 /* View */ = {
			isa = PBXGroup;
			children = (
				823804F02060D0C60085F6CF /* ViewController.swift */,
				823805002060D9140085F6CF /* WebViewController.swift */,
			);
			path = View;
			sourceTree = "<group>";
		};
/* End PBXGroup section */

/* Begin PBXNativeTarget section */
		823804EA2060D0C60085F6CF /* Favorite_Pages */ = {
			isa = PBXNativeTarget;
			buildConfigurationList = 823804FD2060D0C60085F6CF /* Build configuration list for PBXNativeTarget "Favorite_Pages" */;
			buildPhases = (
				823804E72060D0C60085F6CF /* Sources */,
				823804E82060D0C60085F6CF /* Frameworks */,
				823804E92060D0C60085F6CF /* Resources */,
			);
			buildRules = (
			);
			dependencies = (
			);
			name = Favorite_Pages;
			productName = Favorite_Pages;
			productReference = 823804EB2060D0C60085F6CF /* Favorite_Pages.app */;
			productType = "com.apple.product-type.application";
		};
/* End PBXNativeTarget section */

/* Begin PBXProject section */
		823804E32060D0C60085F6CF /* Project object */ = {
			isa = PBXProject;
			attributes = {
				LastSwiftUpdateCheck = 0910;
				LastUpgradeCheck = 0930;
				ORGANIZATIONNAME = "Pankaj Sharma";
				TargetAttributes = {
					823804EA2060D0C60085F6CF = {
						CreatedOnToolsVersion = 9.1;
						ProvisioningStyle = Automatic;
					};
				};
			};
			buildConfigurationList = 823804E62060D0C60085F6CF /* Build configuration list for PBXProject "Favorite_Pages" */;
			compatibilityVersion = "Xcode 8.0";
			developmentRegion = en;
			hasScannedForEncodings = 0;
			knownRegions = (
				en,
				Base,
			);
			mainGroup = 823804E22060D0C60085F6CF;
			productRefGroup = 823804EC2060D0C60085F6CF /* Products */;
			projectDirPath = "";
			projectRoot = "";
			targets = (
				823804EA2060D0C60085F6CF /* Favorite_Pages */,
			);
		};
/* End PBXProject section */

/* Begin PBXResourcesBuildPhase section */
		823804E92060D0C60085F6CF /* Resources */ = {
			isa = PBXResourcesBuildPhase;
			buildActionMask = 2147483647;
			files = (
				823804F92060D0C60085F6CF /* LaunchScreen.storyboard in Resources */,
				823804F62060D0C60085F6CF /* Assets.xcassets in Resources */,
			);
			runOnlyForDeploymentPostprocessing = 0;
		};
/* End PBXResourcesBuildPhase section */

/* Begin PBXSourcesBuildPhase section */
		823804E72060D0C60085F6CF /* Sources */ = {
			isa = PBXSourcesBuildPhase;
			buildActionMask = 2147483647;
			files = (
				82F92160206B5B19007B2571 /* Model.swift in Sources */,
				823804F12060D0C60085F6CF /* ViewController.swift in Sources */,
				82277469206B586600348A92 /* MyCell.swift in Sources */,
				823805012060D9140085F6CF /* WebViewController.swift in Sources */,
				823804EF2060D0C60085F6CF /* AppDelegate.swift in Sources */,
			);
			runOnlyForDeploymentPostprocessing = 0;
		};
/* End PBXSourcesBuildPhase section */

/* Begin PBXVariantGroup section */
		823804F72060D0C60085F6CF /* LaunchScreen.storyboard */ = {
			isa = PBXVariantGroup;
			children = (
				823804F82060D0C60085F6CF /* Base */,
			);
			name = LaunchScreen.storyboard;
			sourceTree = "<group>";
		};
/* End PBXVariantGroup section */

/* Begin XCBuildConfiguration section */
		823804FB2060D0C60085F6CF /* Debug */ = {
			isa = XCBuildConfiguration;
			buildSettings = {
				ALWAYS_SEARCH_USER_PATHS = NO;
				CLANG_ANALYZER_NONNULL = YES;
				CLANG_ANALYZER_NUMBER_OBJECT_CONVERSION = YES_AGGRESSIVE;
				CLANG_CXX_LANGUAGE_STANDARD = "gnu++14";
				CLANG_CXX_LIBRARY = "libc++";
				CLANG_ENABLE_MODULES = YES;
				CLANG_ENABLE_OBJC_ARC = YES;
				CLANG_WARN_BLOCK_CAPTURE_AUTORELEASING = YES;
				CLANG_WARN_BOOL_CONVERSION = YES;
				CLANG_WARN_COMMA = YES;
				CLANG_WARN_CONSTANT_CONVERSION = YES;
				CLANG_WARN_DEPRECATED_OBJC_IMPLEMENTATIONS = YES;
				CLANG_WARN_DIRECT_OBJC_ISA_USAGE = YES_ERROR;
				CLANG_WARN_DOCUMENTATION_COMMENTS = YES;
				CLANG_WARN_EMPTY_BODY = YES;
				CLANG_WARN_ENUM_CONVERSION = YES;
				CLANG_WARN_INFINITE_RECURSION = YES;
				CLANG_WARN_INT_CONVERSION = YES;
				CLANG_WARN_NON_LITERAL_NULL_CONVERSION = YES;
				CLANG_WARN_OBJC_IMPLICIT_RETAIN_SELF = YES;
				CLANG_WARN_OBJC_LITERAL_CONVERSION = YES;
				CLANG_WARN_OBJC_ROOT_CLASS = YES_ERROR;
				CLANG_WARN_RANGE_LOOP_ANALYSIS = YES;
				CLANG_WARN_STRICT_PROTOTYPES = YES;
				CLANG_WARN_SUSPICIOUS_MOVE = YES;
				CLANG_WARN_UNGUARDED_AVAILABILITY = YES_AGGRESSIVE;
				CLANG_WARN_UNREACHABLE_CODE = YES;
				CLANG_WARN__DUPLICATE_METHOD_MATCH = YES;
				CODE_SIGN_IDENTITY = "iPhone Developer";
				COPY_PHASE_STRIP = NO;
				DEBUG_INFORMATION_FORMAT = dwarf;
				ENABLE_STRICT_OBJC_MSGSEND = YES;
				ENABLE_TESTABILITY = YES;
				GCC_C_LANGUAGE_STANDARD = gnu11;
				GCC_DYNAMIC_NO_PIC = NO;
				GCC_NO_COMMON_BLOCKS = YES;
				GCC_OPTIMIZATION_LEVEL = 0;
				GCC_PREPROCESSOR_DEFINITIONS = (
					"DEBUG=1",
					"$(inherited)",
				);
				GCC_WARN_64_TO_32_BIT_CONVERSION = YES;
				GCC_WARN_ABOUT_RETURN_TYPE = YES_ERROR;
				GCC_WARN_UNDECLARED_SELECTOR = YES;
				GCC_WARN_UNINITIALIZED_AUTOS = YES_AGGRESSIVE;
				GCC_WARN_UNUSED_FUNCTION = YES;
				GCC_WARN_UNUSED_VARIABLE = YES;
				IPHONEOS_DEPLOYMENT_TARGET = 11.3;
				MTL_ENABLE_DEBUG_INFO = YES;
				ONLY_ACTIVE_ARCH = YES;
				SDKROOT = iphoneos;
				SWIFT_ACTIVE_COMPILATION_CONDITIONS = DEBUG;
				SWIFT_OPTIMIZATION_LEVEL = "-Onone";
			};
			name = Debug;
		};
		823804FC2060D0C60085F6CF /* Release */ = {
			isa = XCBuildConfiguration;
			buildSettings = {
				ALWAYS_SEARCH_USER_PATHS = NO;
				CLANG_ANALYZER_NONNULL = YES;
				CLANG_ANALYZER_NUMBER_OBJECT_CONVERSION = YES_AGGRESSIVE;
				CLANG_CXX_LANGUAGE_STANDARD = "gnu++14";
				CLANG_CXX_LIBRARY = "libc++";
				CLANG_ENABLE_MODULES = YES;
				CLANG_ENABLE_OBJC_ARC = YES;
				CLANG_WARN_BLOCK_CAPTURE_AUTORELEASING = YES;
				CLANG_WARN_BOOL_CONVERSION = YES;
				CLANG_WARN_COMMA = YES;
				CLANG_WARN_CONSTANT_CONVERSION = YES;
				CLANG_WARN_DEPRECATED_OBJC_IMPLEMENTATIONS = YES;
				CLANG_WARN_DIRECT_OBJC_ISA_USAGE = YES_ERROR;
				CLANG_WARN_DOCUMENTATION_COMMENTS = YES;
				CLANG_WARN_EMPTY_BODY = YES;
				CLANG_WARN_ENUM_CONVERSION = YES;
				CLANG_WARN_INFINITE_RECURSION = YES;
				CLANG_WARN_INT_CONVERSION = YES;
				CLANG_WARN_NON_LITERAL_NULL_CONVERSION = YES;
				CLANG_WARN_OBJC_IMPLICIT_RETAIN_SELF = YES;
				CLANG_WARN_OBJC_LITERAL_CONVERSION = YES;
				CLANG_WARN_OBJC_ROOT_CLASS = YES_ERROR;
				CLANG_WARN_RANGE_LOOP_ANALYSIS = YES;
				CLANG_WARN_STRICT_PROTOTYPES = YES;
				CLANG_WARN_SUSPICIOUS_MOVE = YES;
				CLANG_WARN_UNGUARDED_AVAILABILITY = YES_AGGRESSIVE;
				CLANG_WARN_UNREACHABLE_CODE = YES;
				CLANG_WARN__DUPLICATE_METHOD_MATCH = YES;
				CODE_SIGN_IDENTITY = "iPhone Developer";
				COPY_PHASE_STRIP = NO;
				DEBUG_INFORMATION_FORMAT = "dwarf-with-dsym";
				ENABLE_NS_ASSERTIONS = NO;
				ENABLE_STRICT_OBJC_MSGSEND = YES;
				GCC_C_LANGUAGE_STANDARD = gnu11;
				GCC_NO_COMMON_BLOCKS = YES;
				GCC_WARN_64_TO_32_BIT_CONVERSION = YES;
				GCC_WARN_ABOUT_RETURN_TYPE = YES_ERROR;
				GCC_WARN_UNDECLARED_SELECTOR = YES;
				GCC_WARN_UNINITIALIZED_AUTOS = YES_AGGRESSIVE;
				GCC_WARN_UNUSED_FUNCTION = YES;
				GCC_WARN_UNUSED_VARIABLE = YES;
				IPHONEOS_DEPLOYMENT_TARGET = 11.3;
				MTL_ENABLE_DEBUG_INFO = NO;
				SDKROOT = iphoneos;
				SWIFT_OPTIMIZATION_LEVEL = "-Owholemodule";
				VALIDATE_PRODUCT = YES;
			};
			name = Release;
		};
		823804FE2060D0C60085F6CF /* Debug */ = {
			isa = XCBuildConfiguration;
			buildSettings = {
				ASSETCATALOG_COMPILER_APPICON_NAME = AppIcon;
				CODE_SIGN_STYLE = Automatic;
				DEVELOPMENT_TEAM = 4QA6MH6558;
				INFOPLIST_FILE = Favorite_Pages/Info.plist;
				IPHONEOS_DEPLOYMENT_TARGET = 11.3;
				LD_RUNPATH_SEARCH_PATHS = "$(inherited) @executable_path/Frameworks";
				PRODUCT_BUNDLE_IDENTIFIER = "Pankaj-Sharma.Favorite-Pages";
				PRODUCT_NAME = "$(TARGET_NAME)";
				SWIFT_VERSION = 4.0;
				TARGETED_DEVICE_FAMILY = "1,2";
			};
			name = Debug;
		};
		823804FF2060D0C60085F6CF /* Release */ = {
			isa = XCBuildConfiguration;
			buildSettings = {
				ASSETCATALOG_COMPILER_APPICON_NAME = AppIcon;
				CODE_SIGN_STYLE = Automatic;
				DEVELOPMENT_TEAM = 4QA6MH6558;
				INFOPLIST_FILE = Favorite_Pages/Info.plist;
				IPHONEOS_DEPLOYMENT_TARGET = 11.3;
				LD_RUNPATH_SEARCH_PATHS = "$(inherited) @executable_path/Frameworks";
				PRODUCT_BUNDLE_IDENTIFIER = "Pankaj-Sharma.Favorite-Pages";
				PRODUCT_NAME = "$(TARGET_NAME)";
				SWIFT_VERSION = 4.0;
				TARGETED_DEVICE_FAMILY = "1,2";
			};
			name = Release;
		};
/* End XCBuildConfiguration section */

/* Begin XCConfigurationList section */
		823804E62060D0C60085F6CF /* Build configuration list for PBXProject "Favorite_Pages" */ = {
			isa = XCConfigurationList;
			buildConfigurations = (
				823804FB2060D0C60085F6CF /* Debug */,
				823804FC2060D0C60085F6CF /* Release */,
			);
			defaultConfigurationIsVisible = 0;
			defaultConfigurationName = Release;
		};
		823804FD2060D0C60085F6CF /* Build configuration list for PBXNativeTarget "Favorite_Pages" */ = {
			isa = XCConfigurationList;
			buildConfigurations = (
				823804FE2060D0C60085F6CF /* Debug */,
				823804FF2060D0C60085F6CF /* Release */,
			);
			defaultConfigurationIsVisible = 0;
			defaultConfigurationName = Release;
		};
/* End XCConfigurationList section */
	};
	rootObject = 823804E32060D0C60085F6CF /* Project object */;
}
